
Microsoft Visual Studio Solution File, Format Version 12.00
# Visual Studio 15
VisualStudioVersion = 15.0.28307.572
MinimumVisualStudioVersion = 10.0.40219.1
Project("{FAE04EC0-301F-11D3-BF4B-00C04F79EFBC}") = "CorePlayground", "CorePlayground\CorePlayground.csproj", "{72D9585A-9811-48B7-9EBE-8DA61DBB1399}"
EndProject
Global
	GlobalSection(SolutionConfigurationPlatforms) = preSolution
		Debug|Any CPU = Debug|Any CPU
		Release|Any CPU = Release|Any CPU
	EndGlobalSection
	GlobalSection(ProjectConfigurationPlatforms) = postSolution
		{72D9585A-9811-48B7-9EBE-8DA61DBB1399}.Debug|Any CPU.ActiveCfg = Debug|Any CPU
		{72D9585A-9811-48B7-9EBE-8DA61DBB1399}.Debug|Any CPU.Build.0 = Debug|Any CPU
		{72D9585A-9811-48B7-9EBE-8DA61DBB1399}.Release|Any CPU.ActiveCfg = Release|Any CPU
		{72D9585A-9811-48B7-9EBE-8DA61DBB1399}.Release|Any CPU.Build.0 = Release|Any CPU
	EndGlobalSection
	GlobalSection(SolutionProperties) = preSolution
		HideSolutionNode = FALSE
	EndGlobalSection
	GlobalSection(ExtensibilityGlobals) = postSolution
		SolutionGuid = {4A07E81E-DA17-4944-A8D6-A56538F9B493}
	EndGlobalSection
EndGlobal
